
Microsoft Visual Studio Solution File, Format Version 12.00
# Visual Studio Version 17
VisualStudioVersion = 17.8.34525.116
MinimumVisualStudioVersion = 10.0.40219.1
Project("{FAE04EC0-301F-11D3-BF4B-00C04F79EFBC}") = "ST10321833", "ST10321833.csproj", "{FA26E48D-E4C9-4D8C-8FB3-AB2C9A291A7D}"
EndProject
Global
	GlobalSection(SolutionConfigurationPlatforms) = preSolution
		Debug|Any CPU = Debug|Any CPU
		Release|Any CPU = Release|Any CPU
	EndGlobalSection
	GlobalSection(ProjectConfigurationPlatforms) = postSolution
		{FA26E48D-E4C9-4D8C-8FB3-AB2C9A291A7D}.Debug|Any CPU.ActiveCfg = Debug|Any CPU
		{FA26E48D-E4C9-4D8C-8FB3-AB2C9A291A7D}.Debug|Any CPU.Build.0 = Debug|Any CPU
		{FA26E48D-E4C9-4D8C-8FB3-AB2C9A291A7D}.Release|Any CPU.ActiveCfg = Release|Any CPU
		{FA26E48D-E4C9-4D8C-8FB3-AB2C9A291A7D}.Release|Any CPU.Build.0 = Release|Any CPU
	EndGlobalSection
	GlobalSection(SolutionProperties) = preSolution
		HideSolutionNode = FALSE
	EndGlobalSection
	GlobalSection(ExtensibilityGlobals) = postSolution
		SolutionGuid = {F8CBAC5B-79FA-4D44-A84B-DFF700CA2352}
	EndGlobalSection
EndGlobal
